{
  "name": "mvvm",
  "version": "1.0.0",
  "lockfileVersion": 1,
  "requires": true,
  "dependencies": {
    "vue": {
      "version": "2.6.14",
      "resolved": "https://repo.corp.qunar.com/artifactory/api/npm/npm-qunar/vue/download/vue-2.6.14.tgz",
      "integrity": "sha1-5RqlJQJQ1Wmj+606ilpofWA24jU="
    }
  }
}
